
Microsoft Visual Studio Solution File, Format Version 12.00
# Visual Studio Version 17
VisualStudioVersion = 17.2.32526.322
MinimumVisualStudioVersion = 10.0.40219.1
Project("{9A19103F-16F7-4668-BE54-9A1E7A4F7556}") = "MetamodelEngine", "MetamodelEngine\MetamodelEngine.csproj", "{989E39AF-AC70-4CF0-A33D-D6C9B7AA64D1}"
EndProject
Project("{FAE04EC0-301F-11D3-BF4B-00C04F79EFBC}") = "MetamodelAccess", "MetamodelAccess\MetamodelAccess.csproj", "{D882CF9D-874D-4292-8B30-E02BD82EF672}"
EndProject
Global
	GlobalSection(SolutionConfigurationPlatforms) = preSolution
		Debug|Any CPU = Debug|Any CPU
		Release|Any CPU = Release|Any CPU
	EndGlobalSection
	GlobalSection(ProjectConfigurationPlatforms) = postSolution
		{989E39AF-AC70-4CF0-A33D-D6C9B7AA64D1}.Debug|Any CPU.ActiveCfg = Debug|Any CPU
		{989E39AF-AC70-4CF0-A33D-D6C9B7AA64D1}.Debug|Any CPU.Build.0 = Debug|Any CPU
		{989E39AF-AC70-4CF0-A33D-D6C9B7AA64D1}.Release|Any CPU.ActiveCfg = Release|Any CPU
		{989E39AF-AC70-4CF0-A33D-D6C9B7AA64D1}.Release|Any CPU.Build.0 = Release|Any CPU
		{D882CF9D-874D-4292-8B30-E02BD82EF672}.Debug|Any CPU.ActiveCfg = Debug|Any CPU
		{D882CF9D-874D-4292-8B30-E02BD82EF672}.Debug|Any CPU.Build.0 = Debug|Any CPU
		{D882CF9D-874D-4292-8B30-E02BD82EF672}.Release|Any CPU.ActiveCfg = Release|Any CPU
		{D882CF9D-874D-4292-8B30-E02BD82EF672}.Release|Any CPU.Build.0 = Release|Any CPU
	EndGlobalSection
	GlobalSection(SolutionProperties) = preSolution
		HideSolutionNode = FALSE
	EndGlobalSection
	GlobalSection(ExtensibilityGlobals) = postSolution
		SolutionGuid = {E6BE4B03-DE46-4436-A6CD-6C9772FCA937}
	EndGlobalSection
EndGlobal
